
Microsoft Visual Studio Solution File, Format Version 12.00
# Visual Studio Version 17
VisualStudioVersion = 17.7.34221.43
MinimumVisualStudioVersion = 10.0.40219.1
Project("{FAE04EC0-301F-11D3-BF4B-00C04F79EFBC}") = "GDUstyle", "GDUstyle\GDUstyle.csproj", "{2A310118-C53D-4FB6-9C82-0F797224C735}"
EndProject
Global
	GlobalSection(SolutionConfigurationPlatforms) = preSolution
		Debug|Any CPU = Debug|Any CPU
		Release|Any CPU = Release|Any CPU
	EndGlobalSection
	GlobalSection(ProjectConfigurationPlatforms) = postSolution
		{2A310118-C53D-4FB6-9C82-0F797224C735}.Debug|Any CPU.ActiveCfg = Debug|Any CPU
		{2A310118-C53D-4FB6-9C82-0F797224C735}.Debug|Any CPU.Build.0 = Debug|Any CPU
		{2A310118-C53D-4FB6-9C82-0F797224C735}.Release|Any CPU.ActiveCfg = Release|Any CPU
		{2A310118-C53D-4FB6-9C82-0F797224C735}.Release|Any CPU.Build.0 = Release|Any CPU
	EndGlobalSection
	GlobalSection(SolutionProperties) = preSolution
		HideSolutionNode = FALSE
	EndGlobalSection
	GlobalSection(ExtensibilityGlobals) = postSolution
		SolutionGuid = {9917A9AB-01AE-473D-A4D1-90C68A2B2A17}
	EndGlobalSection
EndGlobal
