
Microsoft Visual Studio Solution File, Format Version 12.00
# Visual Studio Version 17
VisualStudioVersion = 17.7.34031.279
MinimumVisualStudioVersion = 10.0.40219.1
Project("{FAE04EC0-301F-11D3-BF4B-00C04F79EFBC}") = "tennisMatchApp", "tennisMatchApp\tennisMatchApp.csproj", "{88F3EB5D-9E8B-4C92-B910-92C57ADD874E}"
EndProject
Global
	GlobalSection(SolutionConfigurationPlatforms) = preSolution
		Debug|Any CPU = Debug|Any CPU
		Release|Any CPU = Release|Any CPU
	EndGlobalSection
	GlobalSection(ProjectConfigurationPlatforms) = postSolution
		{88F3EB5D-9E8B-4C92-B910-92C57ADD874E}.Debug|Any CPU.ActiveCfg = Debug|Any CPU
		{88F3EB5D-9E8B-4C92-B910-92C57ADD874E}.Debug|Any CPU.Build.0 = Debug|Any CPU
		{88F3EB5D-9E8B-4C92-B910-92C57ADD874E}.Release|Any CPU.ActiveCfg = Release|Any CPU
		{88F3EB5D-9E8B-4C92-B910-92C57ADD874E}.Release|Any CPU.Build.0 = Release|Any CPU
	EndGlobalSection
	GlobalSection(SolutionProperties) = preSolution
		HideSolutionNode = FALSE
	EndGlobalSection
	GlobalSection(ExtensibilityGlobals) = postSolution
		SolutionGuid = {59C580DB-3338-4AFD-B515-BBD5818927AC}
	EndGlobalSection
EndGlobal
